// !$*UTF8*$!
{
	archiveVersion = 1;
	classes = {
	};
	objectVersion = 46;
	objects = {

/* Begin PBXBuildFile section */
		D60A66091CA50F5D00A521CA /* main.m in Sources */ = {isa = PBXBuildFile; fileRef = D60A66081CA50F5D00A521CA /* main.m */; };
		D60A660C1CA50F5D00A521CA /* AppDelegate.m in Sources */ = {isa = PBXBuildFile; fileRef = D60A660B1CA50F5D00A521CA /* AppDelegate.m */; };
		D60A660F1CA50F5D00A521CA /* ViewController.m in Sources */ = {isa = PBXBuildFile; fileRef = D60A660E1CA50F5D00A521CA /* ViewController.m */; };
		D60A66121CA50F5D00A521CA /* Main.storyboard in Resources */ = {isa = PBXBuildFile; fileRef = D60A66101CA50F5D00A521CA /* Main.storyboard */; };
		D60A66141CA50F5D00A521CA /* Assets.xcassets in Resources */ = {isa = PBXBuildFile; fileRef = D60A66131CA50F5D00A521CA /* Assets.xcassets */; };
		D60A66171CA50F5D00A521CA /* LaunchScreen.storyboard in Resources */ = {isa = PBXBuildFile; fileRef = D60A66151CA50F5D00A521CA /* LaunchScreen.storyboard */; };
		D60A66221CA50F5E00A521CA /* _23123Tests.m in Sources */ = {isa = PBXBuildFile; fileRef = D60A66211CA50F5E00A521CA /* _23123Tests.m */; };
		D60A662D1CA50F5E00A521CA /* _23123UITests.m in Sources */ = {isa = PBXBuildFile; fileRef = D60A662C1CA50F5E00A521CA /* _23123UITests.m */; };
/* End PBXBuildFile section */

/* Begin PBXContainerItemProxy section */
		D60A661E1CA50F5E00A521CA /* PBXContainerItemProxy */ = {
			isa = PBXContainerItemProxy;
			containerPortal = D60A65FC1CA50F5D00A521CA /* Project object */;
			proxyType = 1;
			remoteGlobalIDString = D60A66031CA50F5D00A521CA;
			remoteInfo = 123123;
		};
		D60A66291CA50F5E00A521CA /* PBXContainerItemProxy */ = {
			isa = PBXContainerItemProxy;
			containerPortal = D60A65FC1CA50F5D00A521CA /* Project object */;
			proxyType = 1;
			remoteGlobalIDString = D60A66031CA50F5D00A521CA;
			remoteInfo = 123123;
		};
/* End PBXContainerItemProxy section */

/* Begin PBXFileReference section */
		D60A66041CA50F5D00A521CA /* 123123.app */ = {isa = PBXFileReference; explicitFileType = wrapper.application; includeInIndex = 0; path = 123123.app; sourceTree = BUILT_PRODUCTS_DIR; };
		D60A66081CA50F5D00A521CA /* main.m */ = {isa = PBXFileReference; lastKnownFileType = sourcecode.c.objc; path = main.m; sourceTree = "<group>"; };
		D60A660A1CA50F5D00A521CA /* AppDelegate.h */ = {isa = PBXFileReference; lastKnownFileType = sourcecode.c.h; path = AppDelegate.h; sourceTree = "<group>"; };
		D60A660B1CA50F5D00A521CA /* AppDelegate.m */ = {isa = PBXFileReference; lastKnownFileType = sourcecode.c.objc; path = AppDelegate.m; sourceTree = "<group>"; };
		D60A660D1CA50F5D00A521CA /* ViewController.h */ = {isa = PBXFileReference; lastKnownFileType = sourcecode.c.h; path = ViewController.h; sourceTree = "<group>"; };
		D60A660E1CA50F5D00A521CA /* ViewController.m */ = {isa = PBXFileReference; lastKnownFileType = sourcecode.c.objc; path = ViewController.m; sourceTree = "<group>"; };
		D60A66111CA50F5D00A521CA /* Base */ = {isa = PBXFileReference; lastKnownFileType = file.storyboard; name = Base; path = Base.lproj/Main.storyboard; sourceTree = "<group>"; };
		D60A66131CA50F5D00A521CA /* Assets.xcassets */ = {isa = PBXFileReference; lastKnownFileType = folder.assetcatalog; path = Assets.xcassets; sourceTree = "<group>"; };
		D60A66161CA50F5D00A521CA /* Base */ = {isa = PBXFileReference; lastKnownFileType = file.storyboard; name = Base; path = Base.lproj/LaunchScreen.storyboard; sourceTree = "<group>"; };
		D60A66181CA50F5D00A521CA /* Info.plist */ = {isa = PBXFileReference; lastKnownFileType = text.plist.xml; path = Info.plist; sourceTree = "<group>"; };
		D60A661D1CA50F5E00A521CA /* 123123Tests.xctest */ = {isa = PBXFileReference; explicitFileType = wrapper.cfbundle; includeInIndex = 0; path = 123123Tests.xctest; sourceTree = BUILT_PRODUCTS_DIR; };
		D60A66211CA50F5E00A521CA /* _23123Tests.m */ = {isa = PBXFileReference; lastKnownFileType = sourcecode.c.objc; path = _23123Tests.m; sourceTree = "<group>"; };
		D60A66231CA50F5E00A521CA /* Info.plist */ = {isa = PBXFileReference; lastKnownFileType = text.plist.xml; path = Info.plist; sourceTree = "<group>"; };
		D60A66281CA50F5E00A521CA /* 123123UITests.xctest */ = {isa = PBXFileReference; explicitFileType = wrapper.cfbundle; includeInIndex = 0; path = 123123UITests.xctest; sourceTree = BUILT_PRODUCTS_DIR; };
		D60A662C1CA50F5E00A521CA /* _23123UITests.m */ = {isa = PBXFileReference; lastKnownFileType = sourcecode.c.objc; path = _23123UITests.m; sourceTree = "<group>"; };
		D60A662E1CA50F5E00A521CA /* Info.plist */ = {isa = PBXFileReference; lastKnownFileType = text.plist.xml; path = Info.plist; sourceTree = "<group>"; };
/* End PBXFileReference section */

/* Begin PBXFrameworksBuildPhase section */
		D60A66011CA50F5D00A521CA /* Frameworks */ = {
			isa = PBXFrameworksBuildPhase;
			buildActionMask = 2147483647;
			files = (
			);
			runOnlyForDeploymentPostprocessing = 0;
		};
		D60A661A1CA50F5E00A521CA /* Frameworks */ = {
			isa = PBXFrameworksBuildPhase;
			buildActionMask = 2147483647;
			files = (
			);
			runOnlyForDeploymentPostprocessing = 0;
		};
		D60A66251CA50F5E00A521CA /* Frameworks */ = {
			isa = PBXFrameworksBuildPhase;
			buildActionMask = 2147483647;
			files = (
			);
			runOnlyForDeploymentPostprocessing = 0;
		};
/* End PBXFrameworksBuildPhase section */

/* Begin PBXGroup section */
		D60A65FB1CA50F5D00A521CA = {
			isa = PBXGroup;
			children = (
				D60A66061CA50F5D00A521CA /* 123123 */,
				D60A66201CA50F5E00A521CA /* 123123Tests */,
				D60A662B1CA50F5E00A521CA /* 123123UITests */,
				D60A66051CA50F5D00A521CA /* Products */,
			);
			sourceTree = "<group>";
		};
		D60A66051CA50F5D00A521CA /* Products */ = {
			isa = PBXGroup;
			children = (
				D60A66041CA50F5D00A521CA /* 123123.app */,
				D60A661D1CA50F5E00A521CA /* 123123Tests.xctest */,
				D60A66281CA50F5E00A521CA /* 123123UITests.xctest */,
			);
			name = Products;
			sourceTree = "<group>";
		};
		D60A66061CA50F5D00A521CA /* 123123 */ = {
			isa = PBXGroup;
			children = (
				D60A660A1CA50F5D00A521CA /* AppDelegate.h */,
				D60A660B1CA50F5D00A521CA /* AppDelegate.m */,
				D60A660D1CA50F5D00A521CA /* ViewController.h */,
				D60A660E1CA50F5D00A521CA /* ViewController.m */,
				D60A66101CA50F5D00A521CA /* Main.storyboard */,
				D60A66131CA50F5D00A521CA /* Assets.xcassets */,
				D60A66151CA50F5D00A521CA /* LaunchScreen.storyboard */,
				D60A66181CA50F5D00A521CA /* Info.plist */,
				D60A66071CA50F5D00A521CA /* Supporting Files */,
			);
			path = 123123;
			sourceTree = "<group>";
		};
		D60A66071CA50F5D00A521CA /* Supporting Files */ = {
			isa = PBXGroup;
			children = (
				D60A66081CA50F5D00A521CA /* main.m */,
			);
			name = "Supporting Files";
			sourceTree = "<group>";
		};
		D60A66201CA50F5E00A521CA /* 123123Tests */ = {
			isa = PBXGroup;
			children = (
				D60A66211CA50F5E00A521CA /* _23123Tests.m */,
				D60A66231CA50F5E00A521CA /* Info.plist */,
			);
			path = 123123Tests;
			sourceTree = "<group>";
		};
		D60A662B1CA50F5E00A521CA /* 123123UITests */ = {
			isa = PBXGroup;
			children = (
				D60A662C1CA50F5E00A521CA /* _23123UITests.m */,
				D60A662E1CA50F5E00A521CA /* Info.plist */,
			);
			path = 123123UITests;
			sourceTree = "<group>";
		};
/* End PBXGroup section */

/* Begin PBXNativeTarget section */
		D60A66031CA50F5D00A521CA /* 123123 */ = {
			isa = PBXNativeTarget;
			buildConfigurationList = D60A66311CA50F5E00A521CA /* Build configuration list for PBXNativeTarget "123123" */;
			buildPhases = (
				D60A66001CA50F5D00A521CA /* Sources */,
				D60A66011CA50F5D00A521CA /* Frameworks */,
				D60A66021CA50F5D00A521CA /* Resources */,
			);
			buildRules = (
			);
			dependencies = (
			);
			name = 123123;
			productName = 123123;
			productReference = D60A66041CA50F5D00A521CA /* 123123.app */;
			productType = "com.apple.product-type.application";
		};
		D60A661C1CA50F5E00A521CA /* 123123Tests */ = {
			isa = PBXNativeTarget;
			buildConfigurationList = D60A66341CA50F5E00A521CA /* Build configuration list for PBXNativeTarget "123123Tests" */;
			buildPhases = (
				D60A66191CA50F5E00A521CA /* Sources */,
				D60A661A1CA50F5E00A521CA /* Frameworks */,
				D60A661B1CA50F5E00A521CA /* Resources */,
			);
			buildRules = (
			);
			dependencies = (
				D60A661F1CA50F5E00A521CA /* PBXTargetDependency */,
			);
			name = 123123Tests;
			productName = 123123Tests;
			productReference = D60A661D1CA50F5E00A521CA /* 123123Tests.xctest */;
			productType = "com.apple.product-type.bundle.unit-test";
		};
		D60A66271CA50F5E00A521CA /* 123123UITests */ = {
			isa = PBXNativeTarget;
			buildConfigurationList = D60A66371CA50F5E00A521CA /* Build configuration list for PBXNativeTarget "123123UITests" */;
			buildPhases = (
				D60A66241CA50F5E00A521CA /* Sources */,
				D60A66251CA50F5E00A521CA /* Frameworks */,
				D60A66261CA50F5E00A521CA /* Resources */,
			);
			buildRules = (
			);
			dependencies = (
				D60A662A1CA50F5E00A521CA /* PBXTargetDependency */,
			);
			name = 123123UITests;
			productName = 123123UITests;
			productReference = D60A66281CA50F5E00A521CA /* 123123UITests.xctest */;
			productType = "com.apple.product-type.bundle.ui-testing";
		};
/* End PBXNativeTarget section */

/* Begin PBXProject section */
		D60A65FC1CA50F5D00A521CA /* Project object */ = {
			isa = PBXProject;
			attributes = {
				LastUpgradeCheck = 0720;
				ORGANIZATIONNAME = lanou3g;
				TargetAttributes = {
					D60A66031CA50F5D00A521CA = {
						CreatedOnToolsVersion = 7.2;
						DevelopmentTeam = XMW5J5YP32;
					};
					D60A661C1CA50F5E00A521CA = {
						CreatedOnToolsVersion = 7.2;
						DevelopmentTeam = XMW5J5YP32;
						TestTargetID = D60A66031CA50F5D00A521CA;
					};
					D60A66271CA50F5E00A521CA = {
						CreatedOnToolsVersion = 7.2;
						DevelopmentTeam = XMW5J5YP32;
						TestTargetID = D60A66031CA50F5D00A521CA;
					};
				};
			};
			buildConfigurationList = D60A65FF1CA50F5D00A521CA /* Build configuration list for PBXProject "123123" */;
			compatibilityVersion = "Xcode 3.2";
			developmentRegion = English;
			hasScannedForEncodings = 0;
			knownRegions = (
				en,
				Base,
			);
			mainGroup = D60A65FB1CA50F5D00A521CA;
			productRefGroup = D60A66051CA50F5D00A521CA /* Products */;
			projectDirPath = "";
			projectRoot = "";
			targets = (
				D60A66031CA50F5D00A521CA /* 123123 */,
				D60A661C1CA50F5E00A521CA /* 123123Tests */,
				D60A66271CA50F5E00A521CA /* 123123UITests */,
			);
		};
/* End PBXProject section */

/* Begin PBXResourcesBuildPhase section */
		D60A66021CA50F5D00A521CA /* Resources */ = {
			isa = PBXResourcesBuildPhase;
			buildActionMask = 2147483647;
			files = (
				D60A66171CA50F5D00A521CA /* LaunchScreen.storyboard in Resources */,
				D60A66141CA50F5D00A521CA /* Assets.xcassets in Resources */,
				D60A66121CA50F5D00A521CA /* Main.storyboard in Resources */,
			);
			runOnlyForDeploymentPostprocessing = 0;
		};
		D60A661B1CA50F5E00A521CA /* Resources */ = {
			isa = PBXResourcesBuildPhase;
			buildActionMask = 2147483647;
			files = (
			);
			runOnlyForDeploymentPostprocessing = 0;
		};
		D60A66261CA50F5E00A521CA /* Resources */ = {
			isa = PBXResourcesBuildPhase;
			buildActionMask = 2147483647;
			files = (
			);
			runOnlyForDeploymentPostprocessing = 0;
		};
/* End PBXResourcesBuildPhase section */

/* Begin PBXSourcesBuildPhase section */
		D60A66001CA50F5D00A521CA /* Sources */ = {
			isa = PBXSourcesBuildPhase;
			buildActionMask = 2147483647;
			files = (
				D60A660F1CA50F5D00A521CA /* ViewController.m in Sources */,
				D60A660C1CA50F5D00A521CA /* AppDelegate.m in Sources */,
				D60A66091CA50F5D00A521CA /* main.m in Sources */,
			);
			runOnlyForDeploymentPostprocessing = 0;
		};
		D60A66191CA50F5E00A521CA /* Sources */ = {
			isa = PBXSourcesBuildPhase;
			buildActionMask = 2147483647;
			files = (
				D60A66221CA50F5E00A521CA /* _23123Tests.m in Sources */,
			);
			runOnlyForDeploymentPostprocessing = 0;
		};
		D60A66241CA50F5E00A521CA /* Sources */ = {
			isa = PBXSourcesBuildPhase;
			buildActionMask = 2147483647;
			files = (
				D60A662D1CA50F5E00A521CA /* _23123UITests.m in Sources */,
			);
			runOnlyForDeploymentPostprocessing = 0;
		};
/* End PBXSourcesBuildPhase section */

/* Begin PBXTargetDependency section */
		D60A661F1CA50F5E00A521CA /* PBXTargetDependency */ = {
			isa = PBXTargetDependency;
			target = D60A66031CA50F5D00A521CA /* 123123 */;
			targetProxy = D60A661E1CA50F5E00A521CA /* PBXContainerItemProxy */;
		};
		D60A662A1CA50F5E00A521CA /* PBXTargetDependency */ = {
			isa = PBXTargetDependency;
			target = D60A66031CA50F5D00A521CA /* 123123 */;
			targetProxy = D60A66291CA50F5E00A521CA /* PBXContainerItemProxy */;
		};
/* End PBXTargetDependency section */

/* Begin PBXVariantGroup section */
		D60A66101CA50F5D00A521CA /* Main.storyboard */ = {
			isa = PBXVariantGroup;
			children = (
				D60A66111CA50F5D00A521CA /* Base */,
			);
			name = Main.storyboard;
			sourceTree = "<group>";
		};
		D60A66151CA50F5D00A521CA /* LaunchScreen.storyboard */ = {
			isa = PBXVariantGroup;
			children = (
				D60A66161CA50F5D00A521CA /* Base */,
			);
			name = LaunchScreen.storyboard;
			sourceTree = "<group>";
		};
/* End PBXVariantGroup section */

/* Begin XCBuildConfiguration section */
		D60A662F1CA50F5E00A521CA /* Debug */ = {
			isa = XCBuildConfiguration;
			buildSettings = {
				ALWAYS_SEARCH_USER_PATHS = NO;
				CLANG_CXX_LANGUAGE_STANDARD = "gnu++0x";
				CLANG_CXX_LIBRARY = "libc++";
				CLANG_ENABLE_MODULES = YES;
				CLANG_ENABLE_OBJC_ARC = YES;
				CLANG_WARN_BOOL_CONVERSION = YES;
				CLANG_WARN_CONSTANT_CONVERSION = YES;
				CLANG_WARN_DIRECT_OBJC_ISA_USAGE = YES_ERROR;
				CLANG_WARN_EMPTY_BODY = YES;
				CLANG_WARN_ENUM_CONVERSION = YES;
				CLANG_WARN_INT_CONVERSION = YES;
				CLANG_WARN_OBJC_ROOT_CLASS = YES_ERROR;
				CLANG_WARN_UNREACHABLE_CODE = YES;
				CLANG_WARN__DUPLICATE_METHOD_MATCH = YES;
				"CODE_SIGN_IDENTITY[sdk=iphoneos*]" = "iPhone Developer";
				COPY_PHASE_STRIP = NO;
				DEBUG_INFORMATION_FORMAT = dwarf;
				ENABLE_STRICT_OBJC_MSGSEND = YES;
				ENABLE_TESTABILITY = YES;
				GCC_C_LANGUAGE_STANDARD = gnu99;
				GCC_DYNAMIC_NO_PIC = NO;
				GCC_NO_COMMON_BLOCKS = YES;
				GCC_OPTIMIZATION_LEVEL = 0;
				GCC_PREPROCESSOR_DEFINITIONS = (
					"DEBUG=1",
					"$(inherited)",
				);
				GCC_WARN_64_TO_32_BIT_CONVERSION = YES;
				GCC_WARN_ABOUT_RETURN_TYPE = YES_ERROR;
				GCC_WARN_UNDECLARED_SELECTOR = YES;
				GCC_WARN_UNINITIALIZED_AUTOS = YES_AGGRESSIVE;
				GCC_WARN_UNUSED_FUNCTION = YES;
				GCC_WARN_UNUSED_VARIABLE = YES;
				IPHONEOS_DEPLOYMENT_TARGET = 9.2;
				MTL_ENABLE_DEBUG_INFO = YES;
				ONLY_ACTIVE_ARCH = YES;
				SDKROOT = iphoneos;
			};
			name = Debug;
		};
		D60A66301CA50F5E00A521CA /* Release */ = {
			isa = XCBuildConfiguration;
			buildSettings = {
				ALWAYS_SEARCH_USER_PATHS = NO;
				CLANG_CXX_LANGUAGE_STANDARD = "gnu++0x";
				CLANG_CXX_LIBRARY = "libc++";
				CLANG_ENABLE_MODULES = YES;
				CLANG_ENABLE_OBJC_ARC = YES;
				CLANG_WARN_BOOL_CONVERSION = YES;
				CLANG_WARN_CONSTANT_CONVERSION = YES;
				CLANG_WARN_DIRECT_OBJC_ISA_USAGE = YES_ERROR;
				CLANG_WARN_EMPTY_BODY = YES;
				CLANG_WARN_ENUM_CONVERSION = YES;
				CLANG_WARN_INT_CONVERSION = YES;
				CLANG_WARN_OBJC_ROOT_CLASS = YES_ERROR;
				CLANG_WARN_UNREACHABLE_CODE = YES;
				CLANG_WARN__DUPLICATE_METHOD_MATCH = YES;
				"CODE_SIGN_IDENTITY[sdk=iphoneos*]" = "iPhone Developer";
				COPY_PHASE_STRIP = NO;
				DEBUG_INFORMATION_FORMAT = "dwarf-with-dsym";
				ENABLE_NS_ASSERTIONS = NO;
				ENABLE_STRICT_OBJC_MSGSEND = YES;
				GCC_C_LANGUAGE_STANDARD = gnu99;
				GCC_NO_COMMON_BLOCKS = YES;
				GCC_WARN_64_TO_32_BIT_CONVERSION = YES;
				GCC_WARN_ABOUT_RETURN_TYPE = YES_ERROR;
				GCC_WARN_UNDECLARED_SELECTOR = YES;
				GCC_WARN_UNINITIALIZED_AUTOS = YES_AGGRESSIVE;
				GCC_WARN_UNUSED_FUNCTION = YES;
				GCC_WARN_UNUSED_VARIABLE = YES;
				IPHONEOS_DEPLOYMENT_TARGET = 9.2;
				MTL_ENABLE_DEBUG_INFO = NO;
				SDKROOT = iphoneos;
				VALIDATE_PRODUCT = YES;
			};
			name = Release;
		};
		D60A66321CA50F5E00A521CA /* Debug */ = {
			isa = XCBuildConfiguration;
			buildSettings = {
				ASSETCATALOG_COMPILER_APPICON_NAME = AppIcon;
				INFOPLIST_FILE = 123123/Info.plist;
				LD_RUNPATH_SEARCH_PATHS = "$(inherited) @executable_path/Frameworks";
				PRODUCT_BUNDLE_IDENTIFIER = "chenwang.-23123";
				PRODUCT_NAME = "$(TARGET_NAME)";
			};
			name = Debug;
		};
		D60A66331CA50F5E00A521CA /* Release */ = {
			isa = XCBuildConfiguration;
			buildSettings = {
				ASSETCATALOG_COMPILER_APPICON_NAME = AppIcon;
				INFOPLIST_FILE = 123123/Info.plist;
				LD_RUNPATH_SEARCH_PATHS = "$(inherited) @executable_path/Frameworks";
				PRODUCT_BUNDLE_IDENTIFIER = "chenwang.-23123";
				PRODUCT_NAME = "$(TARGET_NAME)";
			};
			name = Release;
		};
		D60A66351CA50F5E00A521CA /* Debug */ = {
			isa = XCBuildConfiguration;
			buildSettings = {
				BUNDLE_LOADER = "$(TEST_HOST)";
				INFOPLIST_FILE = 123123Tests/Info.plist;
				LD_RUNPATH_SEARCH_PATHS = "$(inherited) @executable_path/Frameworks @loader_path/Frameworks";
				PRODUCT_BUNDLE_IDENTIFIER = "chenwang.-23123Tests";
				PRODUCT_NAME = "$(TARGET_NAME)";
				TEST_HOST = "$(BUILT_PRODUCTS_DIR)/123123.app/123123";
			};
			name = Debug;
		};
		D60A66361CA50F5E00A521CA /* Release */ = {
			isa = XCBuildConfiguration;
			buildSettings = {
				BUNDLE_LOADER = "$(TEST_HOST)";
				INFOPLIST_FILE = 123123Tests/Info.plist;
				LD_RUNPATH_SEARCH_PATHS = "$(inherited) @executable_path/Frameworks @loader_path/Frameworks";
				PRODUCT_BUNDLE_IDENTIFIER = "chenwang.-23123Tests";
				PRODUCT_NAME = "$(TARGET_NAME)";
				TEST_HOST = "$(BUILT_PRODUCTS_DIR)/123123.app/123123";
			};
			name = Release;
		};
		D60A66381CA50F5E00A521CA /* Debug */ = {
			isa = XCBuildConfiguration;
			buildSettings = {
				INFOPLIST_FILE = 123123UITests/Info.plist;
				LD_RUNPATH_SEARCH_PATHS = "$(inherited) @executable_path/Frameworks @loader_path/Frameworks";
				PRODUCT_BUNDLE_IDENTIFIER = "chenwang.-23123UITests";
				PRODUCT_NAME = "$(TARGET_NAME)";
				TEST_TARGET_NAME = 123123;
				USES_XCTRUNNER = YES;
			};
			name = Debug;
		};
		D60A66391CA50F5E00A521CA /* Release */ = {
			isa = XCBuildConfiguration;
			buildSettings = {
				INFOPLIST_FILE = 123123UITests/Info.plist;
				LD_RUNPATH_SEARCH_PATHS = "$(inherited) @executable_path/Frameworks @loader_path/Frameworks";
				PRODUCT_BUNDLE_IDENTIFIER = "chenwang.-23123UITests";
				PRODUCT_NAME = "$(TARGET_NAME)";
				TEST_TARGET_NAME = 123123;
				USES_XCTRUNNER = YES;
			};
			name = Release;
		};
/* End XCBuildConfiguration section */

/* Begin XCConfigurationList section */
		D60A65FF1CA50F5D00A521CA /* Build configuration list for PBXProject "123123" */ = {
			isa = XCConfigurationList;
			buildConfigurations = (
				D60A662F1CA50F5E00A521CA /* Debug */,
				D60A66301CA50F5E00A521CA /* Release */,
			);
			defaultConfigurationIsVisible = 0;
			defaultConfigurationName = Release;
		};
		D60A66311CA50F5E00A521CA /* Build configuration list for PBXNativeTarget "123123" */ = {
			isa = XCConfigurationList;
			buildConfigurations = (
				D60A66321CA50F5E00A521CA /* Debug */,
				D60A66331CA50F5E00A521CA /* Release */,
			);
			defaultConfigurationIsVisible = 0;
		};
		D60A66341CA50F5E00A521CA /* Build configuration list for PBXNativeTarget "123123Tests" */ = {
			isa = XCConfigurationList;
			buildConfigurations = (
				D60A66351CA50F5E00A521CA /* Debug */,
				D60A66361CA50F5E00A521CA /* Release */,
			);
			defaultConfigurationIsVisible = 0;
		};
		D60A66371CA50F5E00A521CA /* Build configuration list for PBXNativeTarget "123123UITests" */ = {
			isa = XCConfigurationList;
			buildConfigurations = (
				D60A66381CA50F5E00A521CA /* Debug */,
				D60A66391CA50F5E00A521CA /* Release */,
			);
			defaultConfigurationIsVisible = 0;
		};
/* End XCConfigurationList section */
	};
	rootObject = D60A65FC1CA50F5D00A521CA /* Project object */;
}
